
Microsoft Visual Studio Solution File, Format Version 12.00
# Visual Studio Version 16
VisualStudioVersion = 16.0.31424.327
MinimumVisualStudioVersion = 10.0.40219.1
Project("{FAE04EC0-301F-11D3-BF4B-00C04F79EFBC}") = "01 String", "01 String\01 String.csproj", "{9C4A849A-6F1A-4470-83A8-28C669BB37F3}"
EndProject
Project("{FAE04EC0-301F-11D3-BF4B-00C04F79EFBC}") = "02 Overflow", "02 Overflow\02 Overflow.csproj", "{EF11B539-49B8-446D-BD93-17D1DF085F59}"
EndProject
Project("{FAE04EC0-301F-11D3-BF4B-00C04F79EFBC}") = "03 Method", "03 Method\03 Method.csproj", "{80FBB024-9549-47E9-ADD8-B8EE234702D9}"
EndProject
Project("{FAE04EC0-301F-11D3-BF4B-00C04F79EFBC}") = "04 Operator", "04 Operator\04 Operator.csproj", "{AC8CB2BD-6FA1-4937-97E6-66F73FED6174}"
EndProject
Project("{FAE04EC0-301F-11D3-BF4B-00C04F79EFBC}") = "05 Enum", "05 Enum\05 Enum.csproj", "{6C57364F-1CF0-45D4-BE3C-AA21A100857F}"
EndProject
Project("{FAE04EC0-301F-11D3-BF4B-00C04F79EFBC}") = "07 Array", "07 Array\07 Array.csproj", "{E3BC9597-0397-4901-9D64-0686C8E4F2AC}"
EndProject
Project("{FAE04EC0-301F-11D3-BF4B-00C04F79EFBC}") = "10 While doWhile", "10 while_dowhile\10 While doWhile.csproj", "{C6611491-5A4B-4BE5-90D5-CA732C98DE9F}"
EndProject
Project("{FAE04EC0-301F-11D3-BF4B-00C04F79EFBC}") = "11 Struct Class", "11 Struct_Class\11 Struct Class.csproj", "{98CEC3BF-9812-4B06-A01C-481BD9AA07F2}"
EndProject
Project("{FAE04EC0-301F-11D3-BF4B-00C04F79EFBC}") = "13 Inheritance", "13 Inheritance\13 Inheritance.csproj", "{7A913A2C-A0CF-4416-BD35-9EC31DF26DDA}"
EndProject
Project("{FAE04EC0-301F-11D3-BF4B-00C04F79EFBC}") = "15 Partial", "15 Partial\15 Partial.csproj", "{D628EEB4-9FC8-49AF-A528-099FD24DF62D}"
EndProject
Project("{FAE04EC0-301F-11D3-BF4B-00C04F79EFBC}") = "16 StreamReader Writer", "16 StreamReader_Writer\16 StreamReader Writer.csproj", "{11131F16-5A0C-4032-82BF-63299653DB94}"
EndProject
Project("{FAE04EC0-301F-11D3-BF4B-00C04F79EFBC}") = "18 Simple Clicker", "18 Simple Clicker\18 Simple Clicker.csproj", "{67F39313-F4B6-4954-8D5D-634EE8523718}"
EndProject
Project("{FAE04EC0-301F-11D3-BF4B-00C04F79EFBC}") = "19 Simple Clicker", "19 Simple Clicker\19 Simple Clicker.csproj", "{F9C89682-87E4-4894-8E8B-CEFF79C2D721}"
EndProject
Project("{FAE04EC0-301F-11D3-BF4B-00C04F79EFBC}") = "21 List", "21 List\21 List.csproj", "{63FDA1B2-983C-447F-912C-6E34A7ADAFF7}"
EndProject
Project("{FAE04EC0-301F-11D3-BF4B-00C04F79EFBC}") = "22 Dictionary", "22 Dictionary\22 Dictionary.csproj", "{664BF9A7-507A-4503-9EF9-2DDFEB866DF9}"
EndProject
Project("{FAE04EC0-301F-11D3-BF4B-00C04F79EFBC}") = "23 DataTable", "23 DataTable\23 DataTable.csproj", "{75060169-CDDE-4855-8E0A-020424B7002F}"
EndProject
Project("{FAE04EC0-301F-11D3-BF4B-00C04F79EFBC}") = "24 Delegate", "24 Delegate\24 Delegate.csproj", "{3AC21310-E39E-4868-9DA8-187E5D9C6137}"
EndProject
Project("{FAE04EC0-301F-11D3-BF4B-00C04F79EFBC}") = "25 Delegate", "25 Delegate\25 Delegate.csproj", "{7CCB1F74-E7F5-4366-A3AD-ED2B5EA32A51}"
EndProject
Project("{FAE04EC0-301F-11D3-BF4B-00C04F79EFBC}") = "26 Thread", "26 Thread\26 Thread.csproj", "{B13A14CC-B974-4019-9D2C-19D2D0755B64}"
EndProject
Project("{FAE04EC0-301F-11D3-BF4B-00C04F79EFBC}") = "27 Thread Stop", "27 Thread Stop\27 Thread Stop.csproj", "{8CC646FC-9BE3-4591-B6B2-FBE257A0F666}"
EndProject
Project("{FAE04EC0-301F-11D3-BF4B-00C04F79EFBC}") = "36 SortedList", "36 SortedList\36 SortedList.csproj", "{89243B8E-8F09-4747-B148-631A8E47D81D}"
EndProject
Project("{FAE04EC0-301F-11D3-BF4B-00C04F79EFBC}") = "20 Queue Stack", "20 Queue Stack\20 Queue Stack.csproj", "{682D413B-29CE-4879-B930-62DE1DB2F132}"
EndProject
Project("{FAE04EC0-301F-11D3-BF4B-00C04F79EFBC}") = "08 If Switch", "08 If Switch\08 If Switch.csproj", "{C501D87C-A8DE-4615-B227-7CC51F8B09D2}"
EndProject
Project("{FAE04EC0-301F-11D3-BF4B-00C04F79EFBC}") = "09 For Foreach", "09 For Foreach\09 For Foreach.csproj", "{B09BB48E-23EF-4D9E-B541-C70C5B05C00D}"
EndProject
Global
	GlobalSection(SolutionConfigurationPlatforms) = preSolution
		Debug|Any CPU = Debug|Any CPU
		Release|Any CPU = Release|Any CPU
	EndGlobalSection
	GlobalSection(ProjectConfigurationPlatforms) = postSolution
		{9C4A849A-6F1A-4470-83A8-28C669BB37F3}.Debug|Any CPU.ActiveCfg = Debug|Any CPU
		{9C4A849A-6F1A-4470-83A8-28C669BB37F3}.Debug|Any CPU.Build.0 = Debug|Any CPU
		{9C4A849A-6F1A-4470-83A8-28C669BB37F3}.Release|Any CPU.ActiveCfg = Release|Any CPU
		{9C4A849A-6F1A-4470-83A8-28C669BB37F3}.Release|Any CPU.Build.0 = Release|Any CPU
		{EF11B539-49B8-446D-BD93-17D1DF085F59}.Debug|Any CPU.ActiveCfg = Debug|Any CPU
		{EF11B539-49B8-446D-BD93-17D1DF085F59}.Debug|Any CPU.Build.0 = Debug|Any CPU
		{EF11B539-49B8-446D-BD93-17D1DF085F59}.Release|Any CPU.ActiveCfg = Release|Any CPU
		{EF11B539-49B8-446D-BD93-17D1DF085F59}.Release|Any CPU.Build.0 = Release|Any CPU
		{80FBB024-9549-47E9-ADD8-B8EE234702D9}.Debug|Any CPU.ActiveCfg = Debug|Any CPU
		{80FBB024-9549-47E9-ADD8-B8EE234702D9}.Debug|Any CPU.Build.0 = Debug|Any CPU
		{80FBB024-9549-47E9-ADD8-B8EE234702D9}.Release|Any CPU.ActiveCfg = Release|Any CPU
		{80FBB024-9549-47E9-ADD8-B8EE234702D9}.Release|Any CPU.Build.0 = Release|Any CPU
		{AC8CB2BD-6FA1-4937-97E6-66F73FED6174}.Debug|Any CPU.ActiveCfg = Debug|Any CPU
		{AC8CB2BD-6FA1-4937-97E6-66F73FED6174}.Debug|Any CPU.Build.0 = Debug|Any CPU
		{AC8CB2BD-6FA1-4937-97E6-66F73FED6174}.Release|Any CPU.ActiveCfg = Release|Any CPU
		{AC8CB2BD-6FA1-4937-97E6-66F73FED6174}.Release|Any CPU.Build.0 = Release|Any CPU
		{6C57364F-1CF0-45D4-BE3C-AA21A100857F}.Debug|Any CPU.ActiveCfg = Debug|Any CPU
		{6C57364F-1CF0-45D4-BE3C-AA21A100857F}.Debug|Any CPU.Build.0 = Debug|Any CPU
		{6C57364F-1CF0-45D4-BE3C-AA21A100857F}.Release|Any CPU.ActiveCfg = Release|Any CPU
		{6C57364F-1CF0-45D4-BE3C-AA21A100857F}.Release|Any CPU.Build.0 = Release|Any CPU
		{E3BC9597-0397-4901-9D64-0686C8E4F2AC}.Debug|Any CPU.ActiveCfg = Debug|Any CPU
		{E3BC9597-0397-4901-9D64-0686C8E4F2AC}.Debug|Any CPU.Build.0 = Debug|Any CPU
		{E3BC9597-0397-4901-9D64-0686C8E4F2AC}.Release|Any CPU.ActiveCfg = Release|Any CPU
		{E3BC9597-0397-4901-9D64-0686C8E4F2AC}.Release|Any CPU.Build.0 = Release|Any CPU
		{C6611491-5A4B-4BE5-90D5-CA732C98DE9F}.Debug|Any CPU.ActiveCfg = Debug|Any CPU
		{C6611491-5A4B-4BE5-90D5-CA732C98DE9F}.Debug|Any CPU.Build.0 = Debug|Any CPU
		{C6611491-5A4B-4BE5-90D5-CA732C98DE9F}.Release|Any CPU.ActiveCfg = Release|Any CPU
		{C6611491-5A4B-4BE5-90D5-CA732C98DE9F}.Release|Any CPU.Build.0 = Release|Any CPU
		{98CEC3BF-9812-4B06-A01C-481BD9AA07F2}.Debug|Any CPU.ActiveCfg = Debug|Any CPU
		{98CEC3BF-9812-4B06-A01C-481BD9AA07F2}.Debug|Any CPU.Build.0 = Debug|Any CPU
		{98CEC3BF-9812-4B06-A01C-481BD9AA07F2}.Release|Any CPU.ActiveCfg = Release|Any CPU
		{98CEC3BF-9812-4B06-A01C-481BD9AA07F2}.Release|Any CPU.Build.0 = Release|Any CPU
		{7A913A2C-A0CF-4416-BD35-9EC31DF26DDA}.Debug|Any CPU.ActiveCfg = Debug|Any CPU
		{7A913A2C-A0CF-4416-BD35-9EC31DF26DDA}.Debug|Any CPU.Build.0 = Debug|Any CPU
		{7A913A2C-A0CF-4416-BD35-9EC31DF26DDA}.Release|Any CPU.ActiveCfg = Release|Any CPU
		{7A913A2C-A0CF-4416-BD35-9EC31DF26DDA}.Release|Any CPU.Build.0 = Release|Any CPU
		{D628EEB4-9FC8-49AF-A528-099FD24DF62D}.Debug|Any CPU.ActiveCfg = Debug|Any CPU
		{D628EEB4-9FC8-49AF-A528-099FD24DF62D}.Debug|Any CPU.Build.0 = Debug|Any CPU
		{D628EEB4-9FC8-49AF-A528-099FD24DF62D}.Release|Any CPU.ActiveCfg = Release|Any CPU
		{D628EEB4-9FC8-49AF-A528-099FD24DF62D}.Release|Any CPU.Build.0 = Release|Any CPU
		{11131F16-5A0C-4032-82BF-63299653DB94}.Debug|Any CPU.ActiveCfg = Debug|Any CPU
		{11131F16-5A0C-4032-82BF-63299653DB94}.Debug|Any CPU.Build.0 = Debug|Any CPU
		{11131F16-5A0C-4032-82BF-63299653DB94}.Release|Any CPU.ActiveCfg = Release|Any CPU
		{11131F16-5A0C-4032-82BF-63299653DB94}.Release|Any CPU.Build.0 = Release|Any CPU
		{67F39313-F4B6-4954-8D5D-634EE8523718}.Debug|Any CPU.ActiveCfg = Debug|Any CPU
		{67F39313-F4B6-4954-8D5D-634EE8523718}.Debug|Any CPU.Build.0 = Debug|Any CPU
		{67F39313-F4B6-4954-8D5D-634EE8523718}.Release|Any CPU.ActiveCfg = Release|Any CPU
		{67F39313-F4B6-4954-8D5D-634EE8523718}.Release|Any CPU.Build.0 = Release|Any CPU
		{F9C89682-87E4-4894-8E8B-CEFF79C2D721}.Debug|Any CPU.ActiveCfg = Debug|Any CPU
		{F9C89682-87E4-4894-8E8B-CEFF79C2D721}.Debug|Any CPU.Build.0 = Debug|Any CPU
		{F9C89682-87E4-4894-8E8B-CEFF79C2D721}.Release|Any CPU.ActiveCfg = Release|Any CPU
		{F9C89682-87E4-4894-8E8B-CEFF79C2D721}.Release|Any CPU.Build.0 = Release|Any CPU
		{63FDA1B2-983C-447F-912C-6E34A7ADAFF7}.Debug|Any CPU.ActiveCfg = Debug|Any CPU
		{63FDA1B2-983C-447F-912C-6E34A7ADAFF7}.Debug|Any CPU.Build.0 = Debug|Any CPU
		{63FDA1B2-983C-447F-912C-6E34A7ADAFF7}.Release|Any CPU.ActiveCfg = Release|Any CPU
		{63FDA1B2-983C-447F-912C-6E34A7ADAFF7}.Release|Any CPU.Build.0 = Release|Any CPU
		{664BF9A7-507A-4503-9EF9-2DDFEB866DF9}.Debug|Any CPU.ActiveCfg = Debug|Any CPU
		{664BF9A7-507A-4503-9EF9-2DDFEB866DF9}.Debug|Any CPU.Build.0 = Debug|Any CPU
		{664BF9A7-507A-4503-9EF9-2DDFEB866DF9}.Release|Any CPU.ActiveCfg = Release|Any CPU
		{664BF9A7-507A-4503-9EF9-2DDFEB866DF9}.Release|Any CPU.Build.0 = Release|Any CPU
		{75060169-CDDE-4855-8E0A-020424B7002F}.Debug|Any CPU.ActiveCfg = Debug|Any CPU
		{75060169-CDDE-4855-8E0A-020424B7002F}.Debug|Any CPU.Build.0 = Debug|Any CPU
		{75060169-CDDE-4855-8E0A-020424B7002F}.Release|Any CPU.ActiveCfg = Release|Any CPU
		{75060169-CDDE-4855-8E0A-020424B7002F}.Release|Any CPU.Build.0 = Release|Any CPU
		{3AC21310-E39E-4868-9DA8-187E5D9C6137}.Debug|Any CPU.ActiveCfg = Debug|Any CPU
		{3AC21310-E39E-4868-9DA8-187E5D9C6137}.Debug|Any CPU.Build.0 = Debug|Any CPU
		{3AC21310-E39E-4868-9DA8-187E5D9C6137}.Release|Any CPU.ActiveCfg = Release|Any CPU
		{3AC21310-E39E-4868-9DA8-187E5D9C6137}.Release|Any CPU.Build.0 = Release|Any CPU
		{7CCB1F74-E7F5-4366-A3AD-ED2B5EA32A51}.Debug|Any CPU.ActiveCfg = Debug|Any CPU
		{7CCB1F74-E7F5-4366-A3AD-ED2B5EA32A51}.Debug|Any CPU.Build.0 = Debug|Any CPU
		{7CCB1F74-E7F5-4366-A3AD-ED2B5EA32A51}.Release|Any CPU.ActiveCfg = Release|Any CPU
		{7CCB1F74-E7F5-4366-A3AD-ED2B5EA32A51}.Release|Any CPU.Build.0 = Release|Any CPU
		{B13A14CC-B974-4019-9D2C-19D2D0755B64}.Debug|Any CPU.ActiveCfg = Debug|Any CPU
		{B13A14CC-B974-4019-9D2C-19D2D0755B64}.Debug|Any CPU.Build.0 = Debug|Any CPU
		{B13A14CC-B974-4019-9D2C-19D2D0755B64}.Release|Any CPU.ActiveCfg = Release|Any CPU
		{B13A14CC-B974-4019-9D2C-19D2D0755B64}.Release|Any CPU.Build.0 = Release|Any CPU
		{8CC646FC-9BE3-4591-B6B2-FBE257A0F666}.Debug|Any CPU.ActiveCfg = Debug|Any CPU
		{8CC646FC-9BE3-4591-B6B2-FBE257A0F666}.Debug|Any CPU.Build.0 = Debug|Any CPU
		{8CC646FC-9BE3-4591-B6B2-FBE257A0F666}.Release|Any CPU.ActiveCfg = Release|Any CPU
		{8CC646FC-9BE3-4591-B6B2-FBE257A0F666}.Release|Any CPU.Build.0 = Release|Any CPU
		{89243B8E-8F09-4747-B148-631A8E47D81D}.Debug|Any CPU.ActiveCfg = Debug|Any CPU
		{89243B8E-8F09-4747-B148-631A8E47D81D}.Debug|Any CPU.Build.0 = Debug|Any CPU
		{89243B8E-8F09-4747-B148-631A8E47D81D}.Release|Any CPU.ActiveCfg = Release|Any CPU
		{89243B8E-8F09-4747-B148-631A8E47D81D}.Release|Any CPU.Build.0 = Release|Any CPU
		{682D413B-29CE-4879-B930-62DE1DB2F132}.Debug|Any CPU.ActiveCfg = Debug|Any CPU
		{682D413B-29CE-4879-B930-62DE1DB2F132}.Debug|Any CPU.Build.0 = Debug|Any CPU
		{682D413B-29CE-4879-B930-62DE1DB2F132}.Release|Any CPU.ActiveCfg = Release|Any CPU
		{682D413B-29CE-4879-B930-62DE1DB2F132}.Release|Any CPU.Build.0 = Release|Any CPU
		{C501D87C-A8DE-4615-B227-7CC51F8B09D2}.Debug|Any CPU.ActiveCfg = Debug|Any CPU
		{C501D87C-A8DE-4615-B227-7CC51F8B09D2}.Debug|Any CPU.Build.0 = Debug|Any CPU
		{C501D87C-A8DE-4615-B227-7CC51F8B09D2}.Release|Any CPU.ActiveCfg = Release|Any CPU
		{C501D87C-A8DE-4615-B227-7CC51F8B09D2}.Release|Any CPU.Build.0 = Release|Any CPU
		{B09BB48E-23EF-4D9E-B541-C70C5B05C00D}.Debug|Any CPU.ActiveCfg = Debug|Any CPU
		{B09BB48E-23EF-4D9E-B541-C70C5B05C00D}.Debug|Any CPU.Build.0 = Debug|Any CPU
		{B09BB48E-23EF-4D9E-B541-C70C5B05C00D}.Release|Any CPU.ActiveCfg = Release|Any CPU
		{B09BB48E-23EF-4D9E-B541-C70C5B05C00D}.Release|Any CPU.Build.0 = Release|Any CPU
	EndGlobalSection
	GlobalSection(SolutionProperties) = preSolution
		HideSolutionNode = FALSE
	EndGlobalSection
	GlobalSection(ExtensibilityGlobals) = postSolution
		SolutionGuid = {DF79C964-AF86-4899-93F9-94DCA11CD135}
	EndGlobalSection
EndGlobal
