
Microsoft Visual Studio Solution File, Format Version 12.00
# Visual Studio Version 16
VisualStudioVersion = 16.0.31129.286
MinimumVisualStudioVersion = 10.0.40219.1
Project("{FAE04EC0-301F-11D3-BF4B-00C04F79EFBC}") = "Operator", "Operator\Operator.csproj", "{AC8CB2BD-6FA1-4937-97E6-66F73FED6174}"
EndProject
Global
	GlobalSection(SolutionConfigurationPlatforms) = preSolution
		Debug|Any CPU = Debug|Any CPU
		Release|Any CPU = Release|Any CPU
	EndGlobalSection
	GlobalSection(ProjectConfigurationPlatforms) = postSolution
		{AC8CB2BD-6FA1-4937-97E6-66F73FED6174}.Debug|Any CPU.ActiveCfg = Debug|Any CPU
		{AC8CB2BD-6FA1-4937-97E6-66F73FED6174}.Debug|Any CPU.Build.0 = Debug|Any CPU
		{AC8CB2BD-6FA1-4937-97E6-66F73FED6174}.Release|Any CPU.ActiveCfg = Release|Any CPU
		{AC8CB2BD-6FA1-4937-97E6-66F73FED6174}.Release|Any CPU.Build.0 = Release|Any CPU
	EndGlobalSection
	GlobalSection(SolutionProperties) = preSolution
		HideSolutionNode = FALSE
	EndGlobalSection
	GlobalSection(ExtensibilityGlobals) = postSolution
		SolutionGuid = {40079D8A-A123-480C-8628-8B9BFA7D5569}
	EndGlobalSection
EndGlobal
