
Microsoft Visual Studio Solution File, Format Version 12.00
# Visual Studio Version 16
VisualStudioVersion = 16.0.31424.327
MinimumVisualStudioVersion = 10.0.40219.1
Project("{FAE04EC0-301F-11D3-BF4B-00C04F79EFBC}") = "18. Simple Clicker", "18. Simple Clicker\18. Simple Clicker.csproj", "{67F39313-F4B6-4954-8D5D-634EE8523718}"
EndProject
Global
	GlobalSection(SolutionConfigurationPlatforms) = preSolution
		Debug|Any CPU = Debug|Any CPU
		Release|Any CPU = Release|Any CPU
	EndGlobalSection
	GlobalSection(ProjectConfigurationPlatforms) = postSolution
		{67F39313-F4B6-4954-8D5D-634EE8523718}.Debug|Any CPU.ActiveCfg = Debug|Any CPU
		{67F39313-F4B6-4954-8D5D-634EE8523718}.Debug|Any CPU.Build.0 = Debug|Any CPU
		{67F39313-F4B6-4954-8D5D-634EE8523718}.Release|Any CPU.ActiveCfg = Release|Any CPU
		{67F39313-F4B6-4954-8D5D-634EE8523718}.Release|Any CPU.Build.0 = Release|Any CPU
	EndGlobalSection
	GlobalSection(SolutionProperties) = preSolution
		HideSolutionNode = FALSE
	EndGlobalSection
	GlobalSection(ExtensibilityGlobals) = postSolution
		SolutionGuid = {DF79C964-AF86-4899-93F9-94DCA11CD135}
	EndGlobalSection
EndGlobal
