
Microsoft Visual Studio Solution File, Format Version 12.00
# Visual Studio Version 16
VisualStudioVersion = 16.0.31129.286
MinimumVisualStudioVersion = 10.0.40219.1
Project("{FAE04EC0-301F-11D3-BF4B-00C04F79EFBC}") = "Trade", "Trade\Trade.csproj", "{9C4A849A-6F1A-4470-83A8-28C669BB37F3}"
EndProject
Global
	GlobalSection(SolutionConfigurationPlatforms) = preSolution
		Debug|Any CPU = Debug|Any CPU
		Release|Any CPU = Release|Any CPU
	EndGlobalSection
	GlobalSection(ProjectConfigurationPlatforms) = postSolution
		{9C4A849A-6F1A-4470-83A8-28C669BB37F3}.Debug|Any CPU.ActiveCfg = Debug|Any CPU
		{9C4A849A-6F1A-4470-83A8-28C669BB37F3}.Debug|Any CPU.Build.0 = Debug|Any CPU
		{9C4A849A-6F1A-4470-83A8-28C669BB37F3}.Release|Any CPU.ActiveCfg = Release|Any CPU
		{9C4A849A-6F1A-4470-83A8-28C669BB37F3}.Release|Any CPU.Build.0 = Release|Any CPU
	EndGlobalSection
	GlobalSection(SolutionProperties) = preSolution
		HideSolutionNode = FALSE
	EndGlobalSection
	GlobalSection(ExtensibilityGlobals) = postSolution
		SolutionGuid = {D3881A3C-FF7A-4332-986D-E282B9913027}
	EndGlobalSection
EndGlobal
