
Microsoft Visual Studio Solution File, Format Version 12.00
# Visual Studio Version 16
VisualStudioVersion = 16.0.31515.178
MinimumVisualStudioVersion = 10.0.40219.1
Project("{FAE04EC0-301F-11D3-BF4B-00C04F79EFBC}") = "27 Thread Stop", "26 Thread\27 Thread Stop.csproj", "{B13A14CC-B974-4019-9D2C-19D2D0755B64}"
EndProject
Global
	GlobalSection(SolutionConfigurationPlatforms) = preSolution
		Debug|Any CPU = Debug|Any CPU
		Release|Any CPU = Release|Any CPU
	EndGlobalSection
	GlobalSection(ProjectConfigurationPlatforms) = postSolution
		{B13A14CC-B974-4019-9D2C-19D2D0755B64}.Debug|Any CPU.ActiveCfg = Debug|Any CPU
		{B13A14CC-B974-4019-9D2C-19D2D0755B64}.Debug|Any CPU.Build.0 = Debug|Any CPU
		{B13A14CC-B974-4019-9D2C-19D2D0755B64}.Release|Any CPU.ActiveCfg = Release|Any CPU
		{B13A14CC-B974-4019-9D2C-19D2D0755B64}.Release|Any CPU.Build.0 = Release|Any CPU
	EndGlobalSection
	GlobalSection(SolutionProperties) = preSolution
		HideSolutionNode = FALSE
	EndGlobalSection
	GlobalSection(ExtensibilityGlobals) = postSolution
		SolutionGuid = {51282169-4C6F-47CD-94EA-D7F51D418863}
	EndGlobalSection
EndGlobal
