
Microsoft Visual Studio Solution File, Format Version 12.00
# Visual Studio Version 16
VisualStudioVersion = 16.0.31129.286
MinimumVisualStudioVersion = 10.0.40219.1
Project("{FAE04EC0-301F-11D3-BF4B-00C04F79EFBC}") = "if_switch", "if_switch\if_switch.csproj", "{C501D87C-A8DE-4615-B227-7CC51F8B09D2}"
EndProject
Global
	GlobalSection(SolutionConfigurationPlatforms) = preSolution
		Debug|Any CPU = Debug|Any CPU
		Release|Any CPU = Release|Any CPU
	EndGlobalSection
	GlobalSection(ProjectConfigurationPlatforms) = postSolution
		{C501D87C-A8DE-4615-B227-7CC51F8B09D2}.Debug|Any CPU.ActiveCfg = Debug|Any CPU
		{C501D87C-A8DE-4615-B227-7CC51F8B09D2}.Debug|Any CPU.Build.0 = Debug|Any CPU
		{C501D87C-A8DE-4615-B227-7CC51F8B09D2}.Release|Any CPU.ActiveCfg = Release|Any CPU
		{C501D87C-A8DE-4615-B227-7CC51F8B09D2}.Release|Any CPU.Build.0 = Release|Any CPU
	EndGlobalSection
	GlobalSection(SolutionProperties) = preSolution
		HideSolutionNode = FALSE
	EndGlobalSection
	GlobalSection(ExtensibilityGlobals) = postSolution
		SolutionGuid = {F57117F2-D666-4FBE-87E5-87BE24CA259D}
	EndGlobalSection
EndGlobal
